
Microsoft Visual Studio Solution File, Format Version 12.00
# Visual Studio Version 16
VisualStudioVersion = 16.0.29318.209
MinimumVisualStudioVersion = 10.0.40219.1
Project("{FAE04EC0-301F-11D3-BF4B-00C04F79EFBC}") = "Application", "Application\Application.csproj", "{34D3898B-D20F-462C-86FF-593E929A0F92}"
EndProject
Project("{FAE04EC0-301F-11D3-BF4B-00C04F79EFBC}") = "Domain", "Domain\Domain.csproj", "{D20EA22F-77A8-4E61-9184-0459DFE37869}"
EndProject
Global
	GlobalSection(SolutionConfigurationPlatforms) = preSolution
		Debug|Any CPU = Debug|Any CPU
		Release|Any CPU = Release|Any CPU
	EndGlobalSection
	GlobalSection(ProjectConfigurationPlatforms) = postSolution
		{34D3898B-D20F-462C-86FF-593E929A0F92}.Debug|Any CPU.ActiveCfg = Debug|Any CPU
		{34D3898B-D20F-462C-86FF-593E929A0F92}.Debug|Any CPU.Build.0 = Debug|Any CPU
		{34D3898B-D20F-462C-86FF-593E929A0F92}.Release|Any CPU.ActiveCfg = Release|Any CPU
		{34D3898B-D20F-462C-86FF-593E929A0F92}.Release|Any CPU.Build.0 = Release|Any CPU
		{D20EA22F-77A8-4E61-9184-0459DFE37869}.Debug|Any CPU.ActiveCfg = Debug|Any CPU
		{D20EA22F-77A8-4E61-9184-0459DFE37869}.Debug|Any CPU.Build.0 = Debug|Any CPU
		{D20EA22F-77A8-4E61-9184-0459DFE37869}.Release|Any CPU.ActiveCfg = Release|Any CPU
		{D20EA22F-77A8-4E61-9184-0459DFE37869}.Release|Any CPU.Build.0 = Release|Any CPU
	EndGlobalSection
	GlobalSection(SolutionProperties) = preSolution
		HideSolutionNode = FALSE
	EndGlobalSection
	GlobalSection(ExtensibilityGlobals) = postSolution
		SolutionGuid = {067CCC21-5342-42C7-BB03-51A755052433}
	EndGlobalSection
EndGlobal
